// !$*UTF8*$!
{
	archiveVersion = 1;
	classes = {
	};
	objectVersion = 46;
	objects = {

/* Begin PBXBuildFile section */
		3EFA6C4A197768AF007A9FC0 /* Foundation.framework in Frameworks */ = {isa = PBXBuildFile; fileRef = 3EFA6C49197768AF007A9FC0 /* Foundation.framework */; };
		3EFA6C4C197768AF007A9FC0 /* CoreGraphics.framework in Frameworks */ = {isa = PBXBuildFile; fileRef = 3EFA6C4B197768AF007A9FC0 /* CoreGraphics.framework */; };
		3EFA6C4E197768AF007A9FC0 /* UIKit.framework in Frameworks */ = {isa = PBXBuildFile; fileRef = 3EFA6C4D197768AF007A9FC0 /* UIKit.framework */; };
		3EFA6C50197768AF007A9FC0 /* CoreData.framework in Frameworks */ = {isa = PBXBuildFile; fileRef = 3EFA6C4F197768AF007A9FC0 /* CoreData.framework */; };
		3EFA6C56197768AF007A9FC0 /* InfoPlist.strings in Resources */ = {isa = PBXBuildFile; fileRef = 3EFA6C54197768AF007A9FC0 /* InfoPlist.strings */; };
		3EFA6C58197768AF007A9FC0 /* main.m in Sources */ = {isa = PBXBuildFile; fileRef = 3EFA6C57197768AF007A9FC0 /* main.m */; };
		3EFA6C5C197768AF007A9FC0 /* TWAppDelegate.m in Sources */ = {isa = PBXBuildFile; fileRef = 3EFA6C5B197768AF007A9FC0 /* TWAppDelegate.m */; };
		3EFA6C5F197768AF007A9FC0 /* Thousand_Words.xcdatamodeld in Sources */ = {isa = PBXBuildFile; fileRef = 3EFA6C5D197768AF007A9FC0 /* Thousand_Words.xcdatamodeld */; };
		3EFA6C61197768AF007A9FC0 /* Images.xcassets in Resources */ = {isa = PBXBuildFile; fileRef = 3EFA6C60197768AF007A9FC0 /* Images.xcassets */; };
		3EFA6C68197768AF007A9FC0 /* XCTest.framework in Frameworks */ = {isa = PBXBuildFile; fileRef = 3EFA6C67197768AF007A9FC0 /* XCTest.framework */; };
		3EFA6C69197768AF007A9FC0 /* Foundation.framework in Frameworks */ = {isa = PBXBuildFile; fileRef = 3EFA6C49197768AF007A9FC0 /* Foundation.framework */; };
		3EFA6C6A197768AF007A9FC0 /* UIKit.framework in Frameworks */ = {isa = PBXBuildFile; fileRef = 3EFA6C4D197768AF007A9FC0 /* UIKit.framework */; };
		3EFA6C6B197768AF007A9FC0 /* CoreData.framework in Frameworks */ = {isa = PBXBuildFile; fileRef = 3EFA6C4F197768AF007A9FC0 /* CoreData.framework */; };
		3EFA6C73197768AF007A9FC0 /* InfoPlist.strings in Resources */ = {isa = PBXBuildFile; fileRef = 3EFA6C71197768AF007A9FC0 /* InfoPlist.strings */; };
		3EFA6C75197768AF007A9FC0 /* Thousand_WordsTests.m in Sources */ = {isa = PBXBuildFile; fileRef = 3EFA6C74197768AF007A9FC0 /* Thousand_WordsTests.m */; };
		3EFA6C7F19776AFE007A9FC0 /* Storyboard.storyboard in Resources */ = {isa = PBXBuildFile; fileRef = 3EFA6C7E19776AFE007A9FC0 /* Storyboard.storyboard */; };
		3EFA6C8219776B9F007A9FC0 /* TWAlbumTableViewController.m in Sources */ = {isa = PBXBuildFile; fileRef = 3EFA6C8119776B9F007A9FC0 /* TWAlbumTableViewController.m */; };
		3EFA6C881978BC05007A9FC0 /* TWCoreDataHelper.m in Sources */ = {isa = PBXBuildFile; fileRef = 3EFA6C871978BC05007A9FC0 /* TWCoreDataHelper.m */; };
		3EFA6C8B1978C2EE007A9FC0 /* TWPhotosCollectionViewController.m in Sources */ = {isa = PBXBuildFile; fileRef = 3EFA6C8A1978C2EE007A9FC0 /* TWPhotosCollectionViewController.m */; };
		3EFA6C8E1978C847007A9FC0 /* TWPhotoCollectionViewCell.m in Sources */ = {isa = PBXBuildFile; fileRef = 3EFA6C8D1978C847007A9FC0 /* TWPhotoCollectionViewCell.m */; };
		3EFA6C901978CE63007A9FC0 /* astronaut.jpg in Resources */ = {isa = PBXBuildFile; fileRef = 3EFA6C8F1978CE63007A9FC0 /* astronaut.jpg */; };
		3EFA6C93197B1EFF007A9FC0 /* Album.m in Sources */ = {isa = PBXBuildFile; fileRef = 3EFA6C92197B1EFF007A9FC0 /* Album.m */; };
		3EFA6C9A197B2425007A9FC0 /* TWPictureDataTransformer.m in Sources */ = {isa = PBXBuildFile; fileRef = 3EFA6C99197B2425007A9FC0 /* TWPictureDataTransformer.m */; };
		3EFE1F6C197CC7C200ABBD44 /* Photo.m in Sources */ = {isa = PBXBuildFile; fileRef = 3EFE1F6B197CC7C200ABBD44 /* Photo.m */; };
/* End PBXBuildFile section */

/* Begin PBXContainerItemProxy section */
		3EFA6C6C197768AF007A9FC0 /* PBXContainerItemProxy */ = {
			isa = PBXContainerItemProxy;
			containerPortal = 3EFA6C3E197768AF007A9FC0 /* Project object */;
			proxyType = 1;
			remoteGlobalIDString = 3EFA6C45197768AF007A9FC0;
			remoteInfo = "Thousand Words";
		};
/* End PBXContainerItemProxy section */

/* Begin PBXFileReference section */
		3EFA6C46197768AF007A9FC0 /* Thousand Words.app */ = {isa = PBXFileReference; explicitFileType = wrapper.application; includeInIndex = 0; path = "Thousand Words.app"; sourceTree = BUILT_PRODUCTS_DIR; };
		3EFA6C49197768AF007A9FC0 /* Foundation.framework */ = {isa = PBXFileReference; lastKnownFileType = wrapper.framework; name = Foundation.framework; path = System/Library/Frameworks/Foundation.framework; sourceTree = SDKROOT; };
		3EFA6C4B197768AF007A9FC0 /* CoreGraphics.framework */ = {isa = PBXFileReference; lastKnownFileType = wrapper.framework; name = CoreGraphics.framework; path = System/Library/Frameworks/CoreGraphics.framework; sourceTree = SDKROOT; };
		3EFA6C4D197768AF007A9FC0 /* UIKit.framework */ = {isa = PBXFileReference; lastKnownFileType = wrapper.framework; name = UIKit.framework; path = System/Library/Frameworks/UIKit.framework; sourceTree = SDKROOT; };
		3EFA6C4F197768AF007A9FC0 /* CoreData.framework */ = {isa = PBXFileReference; lastKnownFileType = wrapper.framework; name = CoreData.framework; path = System/Library/Frameworks/CoreData.framework; sourceTree = SDKROOT; };
		3EFA6C53197768AF007A9FC0 /* Thousand Words-Info.plist */ = {isa = PBXFileReference; lastKnownFileType = text.plist.xml; path = "Thousand Words-Info.plist"; sourceTree = "<group>"; };
		3EFA6C55197768AF007A9FC0 /* en */ = {isa = PBXFileReference; lastKnownFileType = text.plist.strings; name = en; path = en.lproj/InfoPlist.strings; sourceTree = "<group>"; };
		3EFA6C57197768AF007A9FC0 /* main.m */ = {isa = PBXFileReference; lastKnownFileType = sourcecode.c.objc; path = main.m; sourceTree = "<group>"; };
		3EFA6C59197768AF007A9FC0 /* Thousand Words-Prefix.pch */ = {isa = PBXFileReference; lastKnownFileType = sourcecode.c.h; path = "Thousand Words-Prefix.pch"; sourceTree = "<group>"; };
		3EFA6C5A197768AF007A9FC0 /* TWAppDelegate.h */ = {isa = PBXFileReference; lastKnownFileType = sourcecode.c.h; path = TWAppDelegate.h; sourceTree = "<group>"; };
		3EFA6C5B197768AF007A9FC0 /* TWAppDelegate.m */ = {isa = PBXFileReference; lastKnownFileType = sourcecode.c.objc; path = TWAppDelegate.m; sourceTree = "<group>"; };
		3EFA6C5E197768AF007A9FC0 /* Thousand_Words.xcdatamodel */ = {isa = PBXFileReference; lastKnownFileType = wrapper.xcdatamodel; path = Thousand_Words.xcdatamodel; sourceTree = "<group>"; };
		3EFA6C60197768AF007A9FC0 /* Images.xcassets */ = {isa = PBXFileReference; lastKnownFileType = folder.assetcatalog; path = Images.xcassets; sourceTree = "<group>"; };
		3EFA6C66197768AF007A9FC0 /* Thousand WordsTests.xctest */ = {isa = PBXFileReference; explicitFileType = wrapper.cfbundle; includeInIndex = 0; path = "Thousand WordsTests.xctest"; sourceTree = BUILT_PRODUCTS_DIR; };
		3EFA6C67197768AF007A9FC0 /* XCTest.framework */ = {isa = PBXFileReference; lastKnownFileType = wrapper.framework; name = XCTest.framework; path = Library/Frameworks/XCTest.framework; sourceTree = DEVELOPER_DIR; };
		3EFA6C70197768AF007A9FC0 /* Thousand WordsTests-Info.plist */ = {isa = PBXFileReference; lastKnownFileType = text.plist.xml; path = "Thousand WordsTests-Info.plist"; sourceTree = "<group>"; };
		3EFA6C72197768AF007A9FC0 /* en */ = {isa = PBXFileReference; lastKnownFileType = text.plist.strings; name = en; path = en.lproj/InfoPlist.strings; sourceTree = "<group>"; };
		3EFA6C74197768AF007A9FC0 /* Thousand_WordsTests.m */ = {isa = PBXFileReference; lastKnownFileType = sourcecode.c.objc; path = Thousand_WordsTests.m; sourceTree = "<group>"; };
		3EFA6C7E19776AFE007A9FC0 /* Storyboard.storyboard */ = {isa = PBXFileReference; fileEncoding = 4; lastKnownFileType = file.storyboard; path = Storyboard.storyboard; sourceTree = "<group>"; };
		3EFA6C8019776B9F007A9FC0 /* TWAlbumTableViewController.h */ = {isa = PBXFileReference; fileEncoding = 4; lastKnownFileType = sourcecode.c.h; path = TWAlbumTableViewController.h; sourceTree = "<group>"; };
		3EFA6C8119776B9F007A9FC0 /* TWAlbumTableViewController.m */ = {isa = PBXFileReference; fileEncoding = 4; lastKnownFileType = sourcecode.c.objc; path = TWAlbumTableViewController.m; sourceTree = "<group>"; };
		3EFA6C861978BC05007A9FC0 /* TWCoreDataHelper.h */ = {isa = PBXFileReference; fileEncoding = 4; lastKnownFileType = sourcecode.c.h; path = TWCoreDataHelper.h; sourceTree = "<group>"; };
		3EFA6C871978BC05007A9FC0 /* TWCoreDataHelper.m */ = {isa = PBXFileReference; fileEncoding = 4; lastKnownFileType = sourcecode.c.objc; path = TWCoreDataHelper.m; sourceTree = "<group>"; };
		3EFA6C891978C2EE007A9FC0 /* TWPhotosCollectionViewController.h */ = {isa = PBXFileReference; fileEncoding = 4; lastKnownFileType = sourcecode.c.h; path = TWPhotosCollectionViewController.h; sourceTree = "<group>"; };
		3EFA6C8A1978C2EE007A9FC0 /* TWPhotosCollectionViewController.m */ = {isa = PBXFileReference; fileEncoding = 4; lastKnownFileType = sourcecode.c.objc; path = TWPhotosCollectionViewController.m; sourceTree = "<group>"; };
		3EFA6C8C1978C847007A9FC0 /* TWPhotoCollectionViewCell.h */ = {isa = PBXFileReference; fileEncoding = 4; lastKnownFileType = sourcecode.c.h; path = TWPhotoCollectionViewCell.h; sourceTree = "<group>"; };
		3EFA6C8D1978C847007A9FC0 /* TWPhotoCollectionViewCell.m */ = {isa = PBXFileReference; fileEncoding = 4; lastKnownFileType = sourcecode.c.objc; path = TWPhotoCollectionViewCell.m; sourceTree = "<group>"; };
		3EFA6C8F1978CE63007A9FC0 /* astronaut.jpg */ = {isa = PBXFileReference; lastKnownFileType = image.jpeg; path = astronaut.jpg; sourceTree = "<group>"; };
		3EFA6C91197B1EFF007A9FC0 /* Album.h */ = {isa = PBXFileReference; fileEncoding = 4; lastKnownFileType = sourcecode.c.h; path = Album.h; sourceTree = "<group>"; };
		3EFA6C92197B1EFF007A9FC0 /* Album.m */ = {isa = PBXFileReference; fileEncoding = 4; lastKnownFileType = sourcecode.c.objc; path = Album.m; sourceTree = "<group>"; };
		3EFA6C98197B2425007A9FC0 /* TWPictureDataTransformer.h */ = {isa = PBXFileReference; fileEncoding = 4; lastKnownFileType = sourcecode.c.h; path = TWPictureDataTransformer.h; sourceTree = "<group>"; };
		3EFA6C99197B2425007A9FC0 /* TWPictureDataTransformer.m */ = {isa = PBXFileReference; fileEncoding = 4; lastKnownFileType = sourcecode.c.objc; path = TWPictureDataTransformer.m; sourceTree = "<group>"; };
		3EFE1F6A197CC7C200ABBD44 /* Photo.h */ = {isa = PBXFileReference; fileEncoding = 4; lastKnownFileType = sourcecode.c.h; path = Photo.h; sourceTree = "<group>"; };
		3EFE1F6B197CC7C200ABBD44 /* Photo.m */ = {isa = PBXFileReference; fileEncoding = 4; lastKnownFileType = sourcecode.c.objc; path = Photo.m; sourceTree = "<group>"; };
/* End PBXFileReference section */

/* Begin PBXFrameworksBuildPhase section */
		3EFA6C43197768AF007A9FC0 /* Frameworks */ = {
			isa = PBXFrameworksBuildPhase;
			buildActionMask = 2147483647;
			files = (
				3EFA6C4C197768AF007A9FC0 /* CoreGraphics.framework in Frameworks */,
				3EFA6C50197768AF007A9FC0 /* CoreData.framework in Frameworks */,
				3EFA6C4E197768AF007A9FC0 /* UIKit.framework in Frameworks */,
				3EFA6C4A197768AF007A9FC0 /* Foundation.framework in Frameworks */,
			);
			runOnlyForDeploymentPostprocessing = 0;
		};
		3EFA6C63197768AF007A9FC0 /* Frameworks */ = {
			isa = PBXFrameworksBuildPhase;
			buildActionMask = 2147483647;
			files = (
				3EFA6C68197768AF007A9FC0 /* XCTest.framework in Frameworks */,
				3EFA6C6B197768AF007A9FC0 /* CoreData.framework in Frameworks */,
				3EFA6C6A197768AF007A9FC0 /* UIKit.framework in Frameworks */,
				3EFA6C69197768AF007A9FC0 /* Foundation.framework in Frameworks */,
			);
			runOnlyForDeploymentPostprocessing = 0;
		};
/* End PBXFrameworksBuildPhase section */

/* Begin PBXGroup section */
		3EFA6C3D197768AF007A9FC0 = {
			isa = PBXGroup;
			children = (
				3EFA6C51197768AF007A9FC0 /* Thousand Words */,
				3EFA6C6E197768AF007A9FC0 /* Thousand WordsTests */,
				3EFA6C48197768AF007A9FC0 /* Frameworks */,
				3EFA6C47197768AF007A9FC0 /* Products */,
			);
			sourceTree = "<group>";
		};
		3EFA6C47197768AF007A9FC0 /* Products */ = {
			isa = PBXGroup;
			children = (
				3EFA6C46197768AF007A9FC0 /* Thousand Words.app */,
				3EFA6C66197768AF007A9FC0 /* Thousand WordsTests.xctest */,
			);
			name = Products;
			sourceTree = "<group>";
		};
		3EFA6C48197768AF007A9FC0 /* Frameworks */ = {
			isa = PBXGroup;
			children = (
				3EFA6C49197768AF007A9FC0 /* Foundation.framework */,
				3EFA6C4B197768AF007A9FC0 /* CoreGraphics.framework */,
				3EFA6C4D197768AF007A9FC0 /* UIKit.framework */,
				3EFA6C4F197768AF007A9FC0 /* CoreData.framework */,
				3EFA6C67197768AF007A9FC0 /* XCTest.framework */,
			);
			name = Frameworks;
			sourceTree = "<group>";
		};
		3EFA6C51197768AF007A9FC0 /* Thousand Words */ = {
			isa = PBXGroup;
			children = (
				3EFA6C7E19776AFE007A9FC0 /* Storyboard.storyboard */,
				3EFA6C8C1978C847007A9FC0 /* TWPhotoCollectionViewCell.h */,
				3EFA6C8D1978C847007A9FC0 /* TWPhotoCollectionViewCell.m */,
				3EFA6C891978C2EE007A9FC0 /* TWPhotosCollectionViewController.h */,
				3EFA6C8A1978C2EE007A9FC0 /* TWPhotosCollectionViewController.m */,
				3EFA6C8019776B9F007A9FC0 /* TWAlbumTableViewController.h */,
				3EFA6C8119776B9F007A9FC0 /* TWAlbumTableViewController.m */,
				3EFA6C861978BC05007A9FC0 /* TWCoreDataHelper.h */,
				3EFA6C871978BC05007A9FC0 /* TWCoreDataHelper.m */,
				3EFA6C60197768AF007A9FC0 /* Images.xcassets */,
				3EFA6C97197B1F7C007A9FC0 /* CoreData */,
				3EFA6C52197768AF007A9FC0 /* Supporting Files */,
			);
			path = "Thousand Words";
			sourceTree = "<group>";
		};
		3EFA6C52197768AF007A9FC0 /* Supporting Files */ = {
			isa = PBXGroup;
			children = (
				3EFA6C8F1978CE63007A9FC0 /* astronaut.jpg */,
				3EFA6C5A197768AF007A9FC0 /* TWAppDelegate.h */,
				3EFA6C5B197768AF007A9FC0 /* TWAppDelegate.m */,
				3EFA6C53197768AF007A9FC0 /* Thousand Words-Info.plist */,
				3EFA6C54197768AF007A9FC0 /* InfoPlist.strings */,
				3EFA6C57197768AF007A9FC0 /* main.m */,
				3EFA6C59197768AF007A9FC0 /* Thousand Words-Prefix.pch */,
			);
			name = "Supporting Files";
			sourceTree = "<group>";
		};
		3EFA6C6E197768AF007A9FC0 /* Thousand WordsTests */ = {
			isa = PBXGroup;
			children = (
				3EFA6C74197768AF007A9FC0 /* Thousand_WordsTests.m */,
				3EFA6C6F197768AF007A9FC0 /* Supporting Files */,
			);
			path = "Thousand WordsTests";
			sourceTree = "<group>";
		};
		3EFA6C6F197768AF007A9FC0 /* Supporting Files */ = {
			isa = PBXGroup;
			children = (
				3EFA6C70197768AF007A9FC0 /* Thousand WordsTests-Info.plist */,
				3EFA6C71197768AF007A9FC0 /* InfoPlist.strings */,
			);
			name = "Supporting Files";
			sourceTree = "<group>";
		};
		3EFA6C97197B1F7C007A9FC0 /* CoreData */ = {
			isa = PBXGroup;
			children = (
				3EFA6C5D197768AF007A9FC0 /* Thousand_Words.xcdatamodeld */,
				3EFE1F6A197CC7C200ABBD44 /* Photo.h */,
				3EFE1F6B197CC7C200ABBD44 /* Photo.m */,
				3EFA6C91197B1EFF007A9FC0 /* Album.h */,
				3EFA6C92197B1EFF007A9FC0 /* Album.m */,
				3EFA6C98197B2425007A9FC0 /* TWPictureDataTransformer.h */,
				3EFA6C99197B2425007A9FC0 /* TWPictureDataTransformer.m */,
			);
			name = CoreData;
			sourceTree = "<group>";
		};
/* End PBXGroup section */

/* Begin PBXNativeTarget section */
		3EFA6C45197768AF007A9FC0 /* Thousand Words */ = {
			isa = PBXNativeTarget;
			buildConfigurationList = 3EFA6C78197768AF007A9FC0 /* Build configuration list for PBXNativeTarget "Thousand Words" */;
			buildPhases = (
				3EFA6C42197768AF007A9FC0 /* Sources */,
				3EFA6C43197768AF007A9FC0 /* Frameworks */,
				3EFA6C44197768AF007A9FC0 /* Resources */,
			);
			buildRules = (
			);
			dependencies = (
			);
			name = "Thousand Words";
			productName = "Thousand Words";
			productReference = 3EFA6C46197768AF007A9FC0 /* Thousand Words.app */;
			productType = "com.apple.product-type.application";
		};
		3EFA6C65197768AF007A9FC0 /* Thousand WordsTests */ = {
			isa = PBXNativeTarget;
			buildConfigurationList = 3EFA6C7B197768AF007A9FC0 /* Build configuration list for PBXNativeTarget "Thousand WordsTests" */;
			buildPhases = (
				3EFA6C62197768AF007A9FC0 /* Sources */,
				3EFA6C63197768AF007A9FC0 /* Frameworks */,
				3EFA6C64197768AF007A9FC0 /* Resources */,
			);
			buildRules = (
			);
			dependencies = (
				3EFA6C6D197768AF007A9FC0 /* PBXTargetDependency */,
			);
			name = "Thousand WordsTests";
			productName = "Thousand WordsTests";
			productReference = 3EFA6C66197768AF007A9FC0 /* Thousand WordsTests.xctest */;
			productType = "com.apple.product-type.bundle.unit-test";
		};
/* End PBXNativeTarget section */

/* Begin PBXProject section */
		3EFA6C3E197768AF007A9FC0 /* Project object */ = {
			isa = PBXProject;
			attributes = {
				CLASSPREFIX = TW;
				LastUpgradeCheck = 0510;
				ORGANIZATIONNAME = "Code Coallition";
				TargetAttributes = {
					3EFA6C65197768AF007A9FC0 = {
						TestTargetID = 3EFA6C45197768AF007A9FC0;
					};
				};
			};
			buildConfigurationList = 3EFA6C41197768AF007A9FC0 /* Build configuration list for PBXProject "Thousand Words" */;
			compatibilityVersion = "Xcode 3.2";
			developmentRegion = English;
			hasScannedForEncodings = 0;
			knownRegions = (
				en,
			);
			mainGroup = 3EFA6C3D197768AF007A9FC0;
			productRefGroup = 3EFA6C47197768AF007A9FC0 /* Products */;
			projectDirPath = "";
			projectRoot = "";
			targets = (
				3EFA6C45197768AF007A9FC0 /* Thousand Words */,
				3EFA6C65197768AF007A9FC0 /* Thousand WordsTests */,
			);
		};
/* End PBXProject section */

/* Begin PBXResourcesBuildPhase section */
		3EFA6C44197768AF007A9FC0 /* Resources */ = {
			isa = PBXResourcesBuildPhase;
			buildActionMask = 2147483647;
			files = (
				3EFA6C56197768AF007A9FC0 /* InfoPlist.strings in Resources */,
				3EFA6C901978CE63007A9FC0 /* astronaut.jpg in Resources */,
				3EFA6C61197768AF007A9FC0 /* Images.xcassets in Resources */,
				3EFA6C7F19776AFE007A9FC0 /* Storyboard.storyboard in Resources */,
			);
			runOnlyForDeploymentPostprocessing = 0;
		};
		3EFA6C64197768AF007A9FC0 /* Resources */ = {
			isa = PBXResourcesBuildPhase;
			buildActionMask = 2147483647;
			files = (
				3EFA6C73197768AF007A9FC0 /* InfoPlist.strings in Resources */,
			);
			runOnlyForDeploymentPostprocessing = 0;
		};
/* End PBXResourcesBuildPhase section */

/* Begin PBXSourcesBuildPhase section */
		3EFA6C42197768AF007A9FC0 /* Sources */ = {
			isa = PBXSourcesBuildPhase;
			buildActionMask = 2147483647;
			files = (
				3EFA6C58197768AF007A9FC0 /* main.m in Sources */,
				3EFA6C8B1978C2EE007A9FC0 /* TWPhotosCollectionViewController.m in Sources */,
				3EFA6C8E1978C847007A9FC0 /* TWPhotoCollectionViewCell.m in Sources */,
				3EFA6C5C197768AF007A9FC0 /* TWAppDelegate.m in Sources */,
				3EFA6C8219776B9F007A9FC0 /* TWAlbumTableViewController.m in Sources */,
				3EFA6C93197B1EFF007A9FC0 /* Album.m in Sources */,
				3EFA6C5F197768AF007A9FC0 /* Thousand_Words.xcdatamodeld in Sources */,
				3EFA6C9A197B2425007A9FC0 /* TWPictureDataTransformer.m in Sources */,
				3EFE1F6C197CC7C200ABBD44 /* Photo.m in Sources */,
				3EFA6C881978BC05007A9FC0 /* TWCoreDataHelper.m in Sources */,
			);
			runOnlyForDeploymentPostprocessing = 0;
		};
		3EFA6C62197768AF007A9FC0 /* Sources */ = {
			isa = PBXSourcesBuildPhase;
			buildActionMask = 2147483647;
			files = (
				3EFA6C75197768AF007A9FC0 /* Thousand_WordsTests.m in Sources */,
			);
			runOnlyForDeploymentPostprocessing = 0;
		};
/* End PBXSourcesBuildPhase section */

/* Begin PBXTargetDependency section */
		3EFA6C6D197768AF007A9FC0 /* PBXTargetDependency */ = {
			isa = PBXTargetDependency;
			target = 3EFA6C45197768AF007A9FC0 /* Thousand Words */;
			targetProxy = 3EFA6C6C197768AF007A9FC0 /* PBXContainerItemProxy */;
		};
/* End PBXTargetDependency section */

/* Begin PBXVariantGroup section */
		3EFA6C54197768AF007A9FC0 /* InfoPlist.strings */ = {
			isa = PBXVariantGroup;
			children = (
				3EFA6C55197768AF007A9FC0 /* en */,
			);
			name = InfoPlist.strings;
			sourceTree = "<group>";
		};
		3EFA6C71197768AF007A9FC0 /* InfoPlist.strings */ = {
			isa = PBXVariantGroup;
			children = (
				3EFA6C72197768AF007A9FC0 /* en */,
			);
			name = InfoPlist.strings;
			sourceTree = "<group>";
		};
/* End PBXVariantGroup section */

/* Begin XCBuildConfiguration section */
		3EFA6C76197768AF007A9FC0 /* Debug */ = {
			isa = XCBuildConfiguration;
			buildSettings = {
				ALWAYS_SEARCH_USER_PATHS = NO;
				CLANG_CXX_LANGUAGE_STANDARD = "gnu++0x";
				CLANG_CXX_LIBRARY = "libc++";
				CLANG_ENABLE_MODULES = YES;
				CLANG_ENABLE_OBJC_ARC = YES;
				CLANG_WARN_BOOL_CONVERSION = YES;
				CLANG_WARN_CONSTANT_CONVERSION = YES;
				CLANG_WARN_DIRECT_OBJC_ISA_USAGE = YES_ERROR;
				CLANG_WARN_EMPTY_BODY = YES;
				CLANG_WARN_ENUM_CONVERSION = YES;
				CLANG_WARN_INT_CONVERSION = YES;
				CLANG_WARN_OBJC_ROOT_CLASS = YES_ERROR;
				CLANG_WARN__DUPLICATE_METHOD_MATCH = YES;
				"CODE_SIGN_IDENTITY[sdk=iphoneos*]" = "iPhone Developer";
				COPY_PHASE_STRIP = NO;
				GCC_C_LANGUAGE_STANDARD = gnu99;
				GCC_DYNAMIC_NO_PIC = NO;
				GCC_OPTIMIZATION_LEVEL = 0;
				GCC_PREPROCESSOR_DEFINITIONS = (
					"DEBUG=1",
					"$(inherited)",
				);
				GCC_SYMBOLS_PRIVATE_EXTERN = NO;
				GCC_WARN_64_TO_32_BIT_CONVERSION = YES;
				GCC_WARN_ABOUT_RETURN_TYPE = YES_ERROR;
				GCC_WARN_UNDECLARED_SELECTOR = YES;
				GCC_WARN_UNINITIALIZED_AUTOS = YES_AGGRESSIVE;
				GCC_WARN_UNUSED_FUNCTION = YES;
				GCC_WARN_UNUSED_VARIABLE = YES;
				IPHONEOS_DEPLOYMENT_TARGET = 7.1;
				ONLY_ACTIVE_ARCH = YES;
				SDKROOT = iphoneos;
			};
			name = Debug;
		};
		3EFA6C77197768AF007A9FC0 /* Release */ = {
			isa = XCBuildConfiguration;
			buildSettings = {
				ALWAYS_SEARCH_USER_PATHS = NO;
				CLANG_CXX_LANGUAGE_STANDARD = "gnu++0x";
				CLANG_CXX_LIBRARY = "libc++";
				CLANG_ENABLE_MODULES = YES;
				CLANG_ENABLE_OBJC_ARC = YES;
				CLANG_WARN_BOOL_CONVERSION = YES;
				CLANG_WARN_CONSTANT_CONVERSION = YES;
				CLANG_WARN_DIRECT_OBJC_ISA_USAGE = YES_ERROR;
				CLANG_WARN_EMPTY_BODY = YES;
				CLANG_WARN_ENUM_CONVERSION = YES;
				CLANG_WARN_INT_CONVERSION = YES;
				CLANG_WARN_OBJC_ROOT_CLASS = YES_ERROR;
				CLANG_WARN__DUPLICATE_METHOD_MATCH = YES;
				"CODE_SIGN_IDENTITY[sdk=iphoneos*]" = "iPhone Developer";
				COPY_PHASE_STRIP = YES;
				ENABLE_NS_ASSERTIONS = NO;
				GCC_C_LANGUAGE_STANDARD = gnu99;
				GCC_WARN_64_TO_32_BIT_CONVERSION = YES;
				GCC_WARN_ABOUT_RETURN_TYPE = YES_ERROR;
				GCC_WARN_UNDECLARED_SELECTOR = YES;
				GCC_WARN_UNINITIALIZED_AUTOS = YES_AGGRESSIVE;
				GCC_WARN_UNUSED_FUNCTION = YES;
				GCC_WARN_UNUSED_VARIABLE = YES;
				IPHONEOS_DEPLOYMENT_TARGET = 7.1;
				ONLY_ACTIVE_ARCH = YES;
				SDKROOT = iphoneos;
				VALIDATE_PRODUCT = YES;
				VALID_ARCHS = arm64;
			};
			name = Release;
		};
		3EFA6C79197768AF007A9FC0 /* Debug */ = {
			isa = XCBuildConfiguration;
			buildSettings = {
				ASSETCATALOG_COMPILER_APPICON_NAME = AppIcon;
				ASSETCATALOG_COMPILER_LAUNCHIMAGE_NAME = LaunchImage;
				GCC_PRECOMPILE_PREFIX_HEADER = YES;
				GCC_PREFIX_HEADER = "Thousand Words/Thousand Words-Prefix.pch";
				INFOPLIST_FILE = "Thousand Words/Thousand Words-Info.plist";
				ONLY_ACTIVE_ARCH = YES;
				PRODUCT_NAME = "$(TARGET_NAME)";
				"VALID_ARCHS[sdk=*]" = "";
				WRAPPER_EXTENSION = app;
			};
			name = Debug;
		};
		3EFA6C7A197768AF007A9FC0 /* Release */ = {
			isa = XCBuildConfiguration;
			buildSettings = {
				ASSETCATALOG_COMPILER_APPICON_NAME = AppIcon;
				ASSETCATALOG_COMPILER_LAUNCHIMAGE_NAME = LaunchImage;
				GCC_PRECOMPILE_PREFIX_HEADER = YES;
				GCC_PREFIX_HEADER = "Thousand Words/Thousand Words-Prefix.pch";
				INFOPLIST_FILE = "Thousand Words/Thousand Words-Info.plist";
				ONLY_ACTIVE_ARCH = YES;
				PRODUCT_NAME = "$(TARGET_NAME)";
				VALID_ARCHS = "";
				WRAPPER_EXTENSION = app;
			};
			name = Release;
		};
		3EFA6C7C197768AF007A9FC0 /* Debug */ = {
			isa = XCBuildConfiguration;
			buildSettings = {
				BUNDLE_LOADER = "$(BUILT_PRODUCTS_DIR)/Thousand Words.app/Thousand Words";
				FRAMEWORK_SEARCH_PATHS = (
					"$(SDKROOT)/Developer/Library/Frameworks",
					"$(inherited)",
					"$(DEVELOPER_FRAMEWORKS_DIR)",
				);
				GCC_PRECOMPILE_PREFIX_HEADER = YES;
				GCC_PREFIX_HEADER = "Thousand Words/Thousand Words-Prefix.pch";
				GCC_PREPROCESSOR_DEFINITIONS = (
					"DEBUG=1",
					"$(inherited)",
				);
				INFOPLIST_FILE = "Thousand WordsTests/Thousand WordsTests-Info.plist";
				PRODUCT_NAME = "$(TARGET_NAME)";
				TEST_HOST = "$(BUNDLE_LOADER)";
				WRAPPER_EXTENSION = xctest;
			};
			name = Debug;
		};
		3EFA6C7D197768AF007A9FC0 /* Release */ = {
			isa = XCBuildConfiguration;
			buildSettings = {
				BUNDLE_LOADER = "$(BUILT_PRODUCTS_DIR)/Thousand Words.app/Thousand Words";
				FRAMEWORK_SEARCH_PATHS = (
					"$(SDKROOT)/Developer/Library/Frameworks",
					"$(inherited)",
					"$(DEVELOPER_FRAMEWORKS_DIR)",
				);
				GCC_PRECOMPILE_PREFIX_HEADER = YES;
				GCC_PREFIX_HEADER = "Thousand Words/Thousand Words-Prefix.pch";
				INFOPLIST_FILE = "Thousand WordsTests/Thousand WordsTests-Info.plist";
				PRODUCT_NAME = "$(TARGET_NAME)";
				TEST_HOST = "$(BUNDLE_LOADER)";
				WRAPPER_EXTENSION = xctest;
			};
			name = Release;
		};
/* End XCBuildConfiguration section */

/* Begin XCConfigurationList section */
		3EFA6C41197768AF007A9FC0 /* Build configuration list for PBXProject "Thousand Words" */ = {
			isa = XCConfigurationList;
			buildConfigurations = (
				3EFA6C76197768AF007A9FC0 /* Debug */,
				3EFA6C77197768AF007A9FC0 /* Release */,
			);
			defaultConfigurationIsVisible = 0;
			defaultConfigurationName = Release;
		};
		3EFA6C78197768AF007A9FC0 /* Build configuration list for PBXNativeTarget "Thousand Words" */ = {
			isa = XCConfigurationList;
			buildConfigurations = (
				3EFA6C79197768AF007A9FC0 /* Debug */,
				3EFA6C7A197768AF007A9FC0 /* Release */,
			);
			defaultConfigurationIsVisible = 0;
			defaultConfigurationName = Release;
		};
		3EFA6C7B197768AF007A9FC0 /* Build configuration list for PBXNativeTarget "Thousand WordsTests" */ = {
			isa = XCConfigurationList;
			buildConfigurations = (
				3EFA6C7C197768AF007A9FC0 /* Debug */,
				3EFA6C7D197768AF007A9FC0 /* Release */,
			);
			defaultConfigurationIsVisible = 0;
			defaultConfigurationName = Release;
		};
/* End XCConfigurationList section */

/* Begin XCVersionGroup section */
		3EFA6C5D197768AF007A9FC0 /* Thousand_Words.xcdatamodeld */ = {
			isa = XCVersionGroup;
			children = (
				3EFA6C5E197768AF007A9FC0 /* Thousand_Words.xcdatamodel */,
			);
			currentVersion = 3EFA6C5E197768AF007A9FC0 /* Thousand_Words.xcdatamodel */;
			path = Thousand_Words.xcdatamodeld;
			sourceTree = "<group>";
			versionGroupType = wrapper.xcdatamodel;
		};
/* End XCVersionGroup section */
	};
	rootObject = 3EFA6C3E197768AF007A9FC0 /* Project object */;
}
